
Microsoft Visual Studio Solution File, Format Version 12.00
# Visual Studio Version 16
VisualStudioVersion = 16.0.28803.452
MinimumVisualStudioVersion = 10.0.40219.1
Project("{FAE04EC0-301F-11D3-BF4B-00C04F79EFBC}") = "QrTool", "QrTool\QrTool.csproj", "{4892CF62-FF37-44BD-987E-3CAEDB5931CD}"
EndProject
Global
	GlobalSection(SolutionConfigurationPlatforms) = preSolution
		Debug|Any CPU = Debug|Any CPU
		Release|Any CPU = Release|Any CPU
	EndGlobalSection
	GlobalSection(ProjectConfigurationPlatforms) = postSolution
		{4892CF62-FF37-44BD-987E-3CAEDB5931CD}.Debug|Any CPU.ActiveCfg = Debug|Any CPU
		{4892CF62-FF37-44BD-987E-3CAEDB5931CD}.Debug|Any CPU.Build.0 = Debug|Any CPU
		{4892CF62-FF37-44BD-987E-3CAEDB5931CD}.Release|Any CPU.ActiveCfg = Release|Any CPU
		{4892CF62-FF37-44BD-987E-3CAEDB5931CD}.Release|Any CPU.Build.0 = Release|Any CPU
	EndGlobalSection
	GlobalSection(SolutionProperties) = preSolution
		HideSolutionNode = FALSE
	EndGlobalSection
	GlobalSection(ExtensibilityGlobals) = postSolution
		SolutionGuid = {86372C48-5D86-4143-A0CD-F9CB5E27A35B}
	EndGlobalSection
EndGlobal
